
Microsoft Visual Studio Solution File, Format Version 12.00
# Visual Studio Version 17
VisualStudioVersion = 17.9.34622.214
MinimumVisualStudioVersion = 10.0.40219.1
Project("{9A19103F-16F7-4668-BE54-9A1E7A4F7556}") = "OQS.CoreWebAPI", "OQS.CoreWebAPI\OQS.CoreWebAPI\OQS.CoreWebAPI.csproj", "{529D2332-B9F7-4B1F-962D-76A4D450C2FC}"
EndProject
Project("{FAE04EC0-301F-11D3-BF4B-00C04F79EFBC}") = "OQS.CoreWebAPI.Tests", "OQS.CoreWebAPI.Tests\OQS.CoreWebAPI.Tests.csproj", "{FF4FD99A-D129-4B83-BE5B-8F7C70946AF8}"
EndProject
Global
	GlobalSection(SolutionConfigurationPlatforms) = preSolution
		Debug|Any CPU = Debug|Any CPU
		Release|Any CPU = Release|Any CPU
	EndGlobalSection
	GlobalSection(ProjectConfigurationPlatforms) = postSolution
		{529D2332-B9F7-4B1F-962D-76A4D450C2FC}.Debug|Any CPU.ActiveCfg = Debug|Any CPU
		{529D2332-B9F7-4B1F-962D-76A4D450C2FC}.Debug|Any CPU.Build.0 = Debug|Any CPU
		{529D2332-B9F7-4B1F-962D-76A4D450C2FC}.Release|Any CPU.ActiveCfg = Release|Any CPU
		{529D2332-B9F7-4B1F-962D-76A4D450C2FC}.Release|Any CPU.Build.0 = Release|Any CPU
		{FF4FD99A-D129-4B83-BE5B-8F7C70946AF8}.Debug|Any CPU.ActiveCfg = Debug|Any CPU
		{FF4FD99A-D129-4B83-BE5B-8F7C70946AF8}.Debug|Any CPU.Build.0 = Debug|Any CPU
		{FF4FD99A-D129-4B83-BE5B-8F7C70946AF8}.Release|Any CPU.ActiveCfg = Release|Any CPU
		{FF4FD99A-D129-4B83-BE5B-8F7C70946AF8}.Release|Any CPU.Build.0 = Release|Any CPU
	EndGlobalSection
	GlobalSection(SolutionProperties) = preSolution
		HideSolutionNode = FALSE
	EndGlobalSection
	GlobalSection(ExtensibilityGlobals) = postSolution
		SolutionGuid = {C9440B8A-A6BA-4625-99D2-59FA98ABEFD0}
	EndGlobalSection
EndGlobal
