
Microsoft Visual Studio Solution File, Format Version 12.00
# Visual Studio Version 17
VisualStudioVersion = 17.9.34622.214
MinimumVisualStudioVersion = 10.0.40219.1
Project("{9A19103F-16F7-4668-BE54-9A1E7A4F7556}") = "OQS.CoreWebAPI", "OQS.CoreWebAPI\OQS.CoreWebAPI.csproj", "{0CE8E8B9-8934-45A7-BCCB-C6E32B4C7E52}"
EndProject
Project("{2150E333-8FDC-42A3-9474-1A3956D46DE8}") = "Tests", "Tests", "{FB2F91A6-E18F-4D23-AF8A-1DCFF8117E3B}"
EndProject
Project("{9A19103F-16F7-4668-BE54-9A1E7A4F7556}") = "OQS.CoreWebAPI.Feautures.Authentication.Tests", "OQS.CoreWebAPI.Features.Tests\OQS.CoreWebAPI.Feautures.Authentication.Tests.csproj", "{49D87151-00EB-48B4-99B1-C7C2FE793547}"
EndProject
Project("{9A19103F-16F7-4668-BE54-9A1E7A4F7556}") = "OQS.CoreWebAPI.Feautures.ResetPassword.Tests", "OQS.CoreWebAPI.Features.ResetPassword.Tests\OQS.CoreWebAPI.Feautures.ResetPassword.Tests.csproj", "{BD32AE91-A9E5-4E28-B1C2-7725BE578585}"
EndProject
Project("{FAE04EC0-301F-11D3-BF4B-00C04F79EFBC}") = "OQS.CoreWebAPI.Feautures.Profile.Tests", "OQS.CoreWebAPI.Feautures.Profile.Tests\OQS.CoreWebAPI.Feautures.Profile.Tests.csproj", "{5A59A154-2BD0-48D7-ADD3-87B4F91FD3C5}"
EndProject
Global
	GlobalSection(SolutionConfigurationPlatforms) = preSolution
		Debug|Any CPU = Debug|Any CPU
		Release|Any CPU = Release|Any CPU
	EndGlobalSection
	GlobalSection(ProjectConfigurationPlatforms) = postSolution
		{0CE8E8B9-8934-45A7-BCCB-C6E32B4C7E52}.Debug|Any CPU.ActiveCfg = Debug|Any CPU
		{0CE8E8B9-8934-45A7-BCCB-C6E32B4C7E52}.Debug|Any CPU.Build.0 = Debug|Any CPU
		{0CE8E8B9-8934-45A7-BCCB-C6E32B4C7E52}.Release|Any CPU.ActiveCfg = Release|Any CPU
		{0CE8E8B9-8934-45A7-BCCB-C6E32B4C7E52}.Release|Any CPU.Build.0 = Release|Any CPU
		{49D87151-00EB-48B4-99B1-C7C2FE793547}.Debug|Any CPU.ActiveCfg = Debug|Any CPU
		{49D87151-00EB-48B4-99B1-C7C2FE793547}.Debug|Any CPU.Build.0 = Debug|Any CPU
		{49D87151-00EB-48B4-99B1-C7C2FE793547}.Release|Any CPU.ActiveCfg = Release|Any CPU
		{49D87151-00EB-48B4-99B1-C7C2FE793547}.Release|Any CPU.Build.0 = Release|Any CPU
		{BD32AE91-A9E5-4E28-B1C2-7725BE578585}.Debug|Any CPU.ActiveCfg = Debug|Any CPU
		{BD32AE91-A9E5-4E28-B1C2-7725BE578585}.Debug|Any CPU.Build.0 = Debug|Any CPU
		{BD32AE91-A9E5-4E28-B1C2-7725BE578585}.Release|Any CPU.ActiveCfg = Release|Any CPU
		{BD32AE91-A9E5-4E28-B1C2-7725BE578585}.Release|Any CPU.Build.0 = Release|Any CPU
		{5A59A154-2BD0-48D7-ADD3-87B4F91FD3C5}.Debug|Any CPU.ActiveCfg = Debug|Any CPU
		{5A59A154-2BD0-48D7-ADD3-87B4F91FD3C5}.Debug|Any CPU.Build.0 = Debug|Any CPU
		{5A59A154-2BD0-48D7-ADD3-87B4F91FD3C5}.Release|Any CPU.ActiveCfg = Release|Any CPU
		{5A59A154-2BD0-48D7-ADD3-87B4F91FD3C5}.Release|Any CPU.Build.0 = Release|Any CPU
	EndGlobalSection
	GlobalSection(SolutionProperties) = preSolution
		HideSolutionNode = FALSE
	EndGlobalSection
	GlobalSection(NestedProjects) = preSolution
		{49D87151-00EB-48B4-99B1-C7C2FE793547} = {FB2F91A6-E18F-4D23-AF8A-1DCFF8117E3B}
		{BD32AE91-A9E5-4E28-B1C2-7725BE578585} = {FB2F91A6-E18F-4D23-AF8A-1DCFF8117E3B}
		{5A59A154-2BD0-48D7-ADD3-87B4F91FD3C5} = {FB2F91A6-E18F-4D23-AF8A-1DCFF8117E3B}
	EndGlobalSection
	GlobalSection(ExtensibilityGlobals) = postSolution
		SolutionGuid = {F5C624E3-F095-417E-856F-04A7164A2CE8}
	EndGlobalSection
EndGlobal
