
Microsoft Visual Studio Solution File, Format Version 12.00
# Visual Studio Version 17
VisualStudioVersion = 17.9.34622.214
MinimumVisualStudioVersion = 10.0.40219.1
Project("{9A19103F-16F7-4668-BE54-9A1E7A4F7556}") = "OQS.CoreWebAPI", "OQS.CoreWebAPI\OQS.CoreWebAPI.csproj", "{67FC59DA-B402-4952-A40B-EA0DEF3ADA77}"
EndProject
Global
	GlobalSection(SolutionConfigurationPlatforms) = preSolution
		Debug|Any CPU = Debug|Any CPU
		Release|Any CPU = Release|Any CPU
	EndGlobalSection
	GlobalSection(ProjectConfigurationPlatforms) = postSolution
		{67FC59DA-B402-4952-A40B-EA0DEF3ADA77}.Debug|Any CPU.ActiveCfg = Debug|Any CPU
		{67FC59DA-B402-4952-A40B-EA0DEF3ADA77}.Debug|Any CPU.Build.0 = Debug|Any CPU
		{67FC59DA-B402-4952-A40B-EA0DEF3ADA77}.Release|Any CPU.ActiveCfg = Release|Any CPU
		{67FC59DA-B402-4952-A40B-EA0DEF3ADA77}.Release|Any CPU.Build.0 = Release|Any CPU
	EndGlobalSection
	GlobalSection(SolutionProperties) = preSolution
		HideSolutionNode = FALSE
	EndGlobalSection
	GlobalSection(ExtensibilityGlobals) = postSolution
		SolutionGuid = {A688F866-20B5-49A7-A38C-28C7BC196861}
	EndGlobalSection
EndGlobal
