
Microsoft Visual Studio Solution File, Format Version 12.00
# Visual Studio Version 17
VisualStudioVersion = 17.9.34622.214
MinimumVisualStudioVersion = 10.0.40219.1
Project("{9A19103F-16F7-4668-BE54-9A1E7A4F7556}") = "OQS.CoreWebAPI", "OQS.CoreWebAPI\OQS.CoreWebAPI.csproj", "{0CE8E8B9-8934-45A7-BCCB-C6E32B4C7E52}"
EndProject
Project("{9A19103F-16F7-4668-BE54-9A1E7A4F7556}") = "OQS.CoreWebAPI.Tests", "OQS.CoreWebAPI.Tests\OQS.CoreWebAPI.Tests.csproj", "{026E638E-C0DE-471D-872C-FBBA6599C78B}"
EndProject
Global
	GlobalSection(SolutionConfigurationPlatforms) = preSolution
		Debug|Any CPU = Debug|Any CPU
		Release|Any CPU = Release|Any CPU
	EndGlobalSection
	GlobalSection(ProjectConfigurationPlatforms) = postSolution
		{0CE8E8B9-8934-45A7-BCCB-C6E32B4C7E52}.Debug|Any CPU.ActiveCfg = Debug|Any CPU
		{0CE8E8B9-8934-45A7-BCCB-C6E32B4C7E52}.Debug|Any CPU.Build.0 = Debug|Any CPU
		{0CE8E8B9-8934-45A7-BCCB-C6E32B4C7E52}.Release|Any CPU.ActiveCfg = Release|Any CPU
		{0CE8E8B9-8934-45A7-BCCB-C6E32B4C7E52}.Release|Any CPU.Build.0 = Release|Any CPU
		{026E638E-C0DE-471D-872C-FBBA6599C78B}.Debug|Any CPU.ActiveCfg = Debug|Any CPU
		{026E638E-C0DE-471D-872C-FBBA6599C78B}.Debug|Any CPU.Build.0 = Debug|Any CPU
		{026E638E-C0DE-471D-872C-FBBA6599C78B}.Release|Any CPU.ActiveCfg = Release|Any CPU
		{026E638E-C0DE-471D-872C-FBBA6599C78B}.Release|Any CPU.Build.0 = Release|Any CPU
	EndGlobalSection
	GlobalSection(SolutionProperties) = preSolution
		HideSolutionNode = FALSE
	EndGlobalSection
	GlobalSection(ExtensibilityGlobals) = postSolution
		SolutionGuid = {F5C624E3-F095-417E-856F-04A7164A2CE8}
	EndGlobalSection
EndGlobal
